
Microsoft Visual Studio Solution File, Format Version 12.00
# Visual Studio 15
VisualStudioVersion = 15.0.28307.757
MinimumVisualStudioVersion = 10.0.40219.1
Project("{FAE04EC0-301F-11D3-BF4B-00C04F79EFBC}") = "TestDownLoadImageFormUrl", "TestDownLoadImageFormUrl\TestDownLoadImageFormUrl.csproj", "{C92EA11A-0BFA-43FE-953D-6BB48D30C8EB}"
EndProject
Global
	GlobalSection(SolutionConfigurationPlatforms) = preSolution
		Debug|Any CPU = Debug|Any CPU
		Release|Any CPU = Release|Any CPU
	EndGlobalSection
	GlobalSection(ProjectConfigurationPlatforms) = postSolution
		{C92EA11A-0BFA-43FE-953D-6BB48D30C8EB}.Debug|Any CPU.ActiveCfg = Debug|Any CPU
		{C92EA11A-0BFA-43FE-953D-6BB48D30C8EB}.Debug|Any CPU.Build.0 = Debug|Any CPU
		{C92EA11A-0BFA-43FE-953D-6BB48D30C8EB}.Release|Any CPU.ActiveCfg = Release|Any CPU
		{C92EA11A-0BFA-43FE-953D-6BB48D30C8EB}.Release|Any CPU.Build.0 = Release|Any CPU
	EndGlobalSection
	GlobalSection(SolutionProperties) = preSolution
		HideSolutionNode = FALSE
	EndGlobalSection
	GlobalSection(ExtensibilityGlobals) = postSolution
		SolutionGuid = {A94E0003-E745-4AA6-8191-A8E36EE76F1A}
	EndGlobalSection
EndGlobal
